// !$*UTF8*$!
{
	archiveVersion = 1;
	classes = {
	};
	objectVersion = 46;
	objects = {

/* Begin PBXBuildFile section */
		C62ECEC71B7E457600AC9C1F /* HomeViewController.swift in Sources */ = {isa = PBXBuildFile; fileRef = C62ECEC61B7E457600AC9C1F /* HomeViewController.swift */; };
		C62ECEC91B7E45D400AC9C1F /* HomeViewModel.swift in Sources */ = {isa = PBXBuildFile; fileRef = C62ECEC81B7E45D400AC9C1F /* HomeViewModel.swift */; };
		C62ECECC1B7E5F4C00AC9C1F /* MapTasks.swift in Sources */ = {isa = PBXBuildFile; fileRef = C62ECECB1B7E5F4C00AC9C1F /* MapTasks.swift */; };
		C62ECECF1B7E611A00AC9C1F /* ContextDataController.swift in Sources */ = {isa = PBXBuildFile; fileRef = C62ECECE1B7E611A00AC9C1F /* ContextDataController.swift */; };
		C62ECED11B7E613400AC9C1F /* MapsRemoteDataController.swift in Sources */ = {isa = PBXBuildFile; fileRef = C62ECED01B7E613400AC9C1F /* MapsRemoteDataController.swift */; };
		C64F85C01B386B7000011FCE /* AppDelegate.swift in Sources */ = {isa = PBXBuildFile; fileRef = C64F85BF1B386B7000011FCE /* AppDelegate.swift */; };
		C64F85C31B386B7000011FCE /* Stormy_Travel_Time.xcdatamodeld in Sources */ = {isa = PBXBuildFile; fileRef = C64F85C11B386B7000011FCE /* Stormy_Travel_Time.xcdatamodeld */; };
		C64F85C81B386B7100011FCE /* Main.storyboard in Resources */ = {isa = PBXBuildFile; fileRef = C64F85C61B386B7100011FCE /* Main.storyboard */; };
		C64F85CA1B386B7100011FCE /* Images.xcassets in Resources */ = {isa = PBXBuildFile; fileRef = C64F85C91B386B7100011FCE /* Images.xcassets */; };
		C64F85CD1B386B7100011FCE /* LaunchScreen.xib in Resources */ = {isa = PBXBuildFile; fileRef = C64F85CB1B386B7100011FCE /* LaunchScreen.xib */; };
		C64F85D91B386B7100011FCE /* Stormy_Travel_TimeTests.swift in Sources */ = {isa = PBXBuildFile; fileRef = C64F85D81B386B7100011FCE /* Stormy_Travel_TimeTests.swift */; };
		F70A0B2F1C4B447B00FDEAFF /* Security.framework in Frameworks */ = {isa = PBXBuildFile; fileRef = F70A0B2E1C4B447B00FDEAFF /* Security.framework */; };
		F70A0B311C4B448300FDEAFF /* SystemConfiguration.framework in Frameworks */ = {isa = PBXBuildFile; fileRef = F70A0B301C4B448300FDEAFF /* SystemConfiguration.framework */; };
		F70A0B331C4B449D00FDEAFF /* GLKit.framework in Frameworks */ = {isa = PBXBuildFile; fileRef = F70A0B321C4B449D00FDEAFF /* GLKit.framework */; };
		F70A0B351C4B44A400FDEAFF /* CoreGraphics.framework in Frameworks */ = {isa = PBXBuildFile; fileRef = F70A0B341C4B44A400FDEAFF /* CoreGraphics.framework */; };
		F70A0B371C4B44CC00FDEAFF /* CoreImage.framework in Frameworks */ = {isa = PBXBuildFile; fileRef = F70A0B361C4B44CC00FDEAFF /* CoreImage.framework */; };
		F70A0B391C4B44D300FDEAFF /* ImageIO.framework in Frameworks */ = {isa = PBXBuildFile; fileRef = F70A0B381C4B44D300FDEAFF /* ImageIO.framework */; };
		F70A0B3B1C4B44F400FDEAFF /* CoreData.framework in Frameworks */ = {isa = PBXBuildFile; fileRef = F70A0B3A1C4B44F400FDEAFF /* CoreData.framework */; };
		F70A0B3D1C4B450300FDEAFF /* AVFoundation.framework in Frameworks */ = {isa = PBXBuildFile; fileRef = F70A0B3C1C4B450300FDEAFF /* AVFoundation.framework */; };
		F70A0B3F1C4B451C00FDEAFF /* QuartzCore.framework in Frameworks */ = {isa = PBXBuildFile; fileRef = F70A0B3E1C4B451C00FDEAFF /* QuartzCore.framework */; };
		F70A0B411C4B452500FDEAFF /* OpenGLES.framework in Frameworks */ = {isa = PBXBuildFile; fileRef = F70A0B401C4B452500FDEAFF /* OpenGLES.framework */; };
		F70A0B431C4B453F00FDEAFF /* CoreLocation.framework in Frameworks */ = {isa = PBXBuildFile; fileRef = F70A0B421C4B453F00FDEAFF /* CoreLocation.framework */; };
		F70A0B451C4B458000FDEAFF /* CoreBluetooth.framework in Frameworks */ = {isa = PBXBuildFile; fileRef = F70A0B441C4B458000FDEAFF /* CoreBluetooth.framework */; };
		F70A0B471C4B458800FDEAFF /* Accelerate.framework in Frameworks */ = {isa = PBXBuildFile; fileRef = F70A0B461C4B458800FDEAFF /* Accelerate.framework */; };
		F70A0B481C4B49BE00FDEAFF /* Mantle.framework in Frameworks */ = {isa = PBXBuildFile; fileRef = F70A0ABD1C4B301500FDEAFF /* Mantle.framework */; };
		F70A0B4B1C4B49EE00FDEAFF /* ReactiveCocoa.framework in Frameworks */ = {isa = PBXBuildFile; fileRef = F70A0ABE1C4B301500FDEAFF /* ReactiveCocoa.framework */; };
		F70A0B4D1C4B4A1700FDEAFF /* Result.framework in Frameworks */ = {isa = PBXBuildFile; fileRef = F70A0ABF1C4B301500FDEAFF /* Result.framework */; };
		F70A0B581C4B515D00FDEAFF /* Mantle.framework in Frameworks */ = {isa = PBXBuildFile; fileRef = F70A0ABD1C4B301500FDEAFF /* Mantle.framework */; };
		F70A0B591C4B515D00FDEAFF /* Mantle.framework in Embed Frameworks */ = {isa = PBXBuildFile; fileRef = F70A0ABD1C4B301500FDEAFF /* Mantle.framework */; settings = {ATTRIBUTES = (CodeSignOnCopy, RemoveHeadersOnCopy, ); }; };
		F70A0B5B1C4B516500FDEAFF /* Result.framework in Frameworks */ = {isa = PBXBuildFile; fileRef = F70A0ABF1C4B301500FDEAFF /* Result.framework */; };
		F70A0B5C1C4B516500FDEAFF /* Result.framework in Embed Frameworks */ = {isa = PBXBuildFile; fileRef = F70A0ABF1C4B301500FDEAFF /* Result.framework */; settings = {ATTRIBUTES = (CodeSignOnCopy, RemoveHeadersOnCopy, ); }; };
		F70A0B5D1C4B516C00FDEAFF /* ReactiveCocoa.framework in Frameworks */ = {isa = PBXBuildFile; fileRef = F70A0ABE1C4B301500FDEAFF /* ReactiveCocoa.framework */; };
		F70A0B5E1C4B516C00FDEAFF /* ReactiveCocoa.framework in Embed Frameworks */ = {isa = PBXBuildFile; fileRef = F70A0ABE1C4B301500FDEAFF /* ReactiveCocoa.framework */; settings = {ATTRIBUTES = (CodeSignOnCopy, RemoveHeadersOnCopy, ); }; };
		F70A0B621C4B5B0A00FDEAFF /* GoogleMaps.bundle in Resources */ = {isa = PBXBuildFile; fileRef = F70A0B611C4B5B0A00FDEAFF /* GoogleMaps.bundle */; };
		F70A0B661C4B5CD400FDEAFF /* CoreText.framework in Frameworks */ = {isa = PBXBuildFile; fileRef = F70A0B651C4B5CD400FDEAFF /* CoreText.framework */; };
		F70A0B671C4B5FCF00FDEAFF /* GoogleMaps.framework in Frameworks */ = {isa = PBXBuildFile; fileRef = F70A0B631C4B5B3B00FDEAFF /* GoogleMaps.framework */; };
		F71266ED1C4EFC02008790C2 /* USCapitol.gpx in Resources */ = {isa = PBXBuildFile; fileRef = F71266EC1C4EFC02008790C2 /* USCapitol.gpx */; };
		F718DF241C4E455900573251 /* LocationManager.swift in Sources */ = {isa = PBXBuildFile; fileRef = F718DF231C4E455900573251 /* LocationManager.swift */; };
		F76B6C3B1C2E39FE008A98AB /* WeatherDataModel.m in Sources */ = {isa = PBXBuildFile; fileRef = F76B6C3A1C2E39FE008A98AB /* WeatherDataModel.m */; };
		F76BAC101B81120D008640E2 /* WeatherDataController.swift in Sources */ = {isa = PBXBuildFile; fileRef = F76BAC0F1B81120D008640E2 /* WeatherDataController.swift */; };
		F76BAC121B811B31008640E2 /* SideMenu.storyboard in Resources */ = {isa = PBXBuildFile; fileRef = F76BAC111B811B31008640E2 /* SideMenu.storyboard */; };
		F76BAC181B8122B4008640E2 /* SideMenuTableViewController.swift in Sources */ = {isa = PBXBuildFile; fileRef = F76BAC171B8122B4008640E2 /* SideMenuTableViewController.swift */; };
		F76BAC1C1B88C8BA008640E2 /* SWRevealViewController.m in Sources */ = {isa = PBXBuildFile; fileRef = F76BAC1B1B88C8BA008640E2 /* SWRevealViewController.m */; };
		F76BAC261B88E18E008640E2 /* MenuActionViewModel.swift in Sources */ = {isa = PBXBuildFile; fileRef = F76BAC251B88E18E008640E2 /* MenuActionViewModel.swift */; };
		F7A48FCB1B8A47D600E6BFBB /* WXManager.m in Sources */ = {isa = PBXBuildFile; fileRef = F7A48FCA1B8A47D600E6BFBB /* WXManager.m */; };
		F7A48FCE1B8A47F100E6BFBB /* WXCondition.m in Sources */ = {isa = PBXBuildFile; fileRef = F7A48FCD1B8A47F100E6BFBB /* WXCondition.m */; };
		F7A48FD11B8A480B00E6BFBB /* WXDailyForecast.m in Sources */ = {isa = PBXBuildFile; fileRef = F7A48FD01B8A480B00E6BFBB /* WXDailyForecast.m */; };
/* End PBXBuildFile section */

/* Begin PBXContainerItemProxy section */
		C64F85D31B386B7100011FCE /* PBXContainerItemProxy */ = {
			isa = PBXContainerItemProxy;
			containerPortal = C64F85B21B386B7000011FCE /* Project object */;
			proxyType = 1;
			remoteGlobalIDString = C64F85B91B386B7000011FCE;
			remoteInfo = "Stormy Travel Time";
		};
/* End PBXContainerItemProxy section */

/* Begin PBXCopyFilesBuildPhase section */
		F70A0B5A1C4B515D00FDEAFF /* Embed Frameworks */ = {
			isa = PBXCopyFilesBuildPhase;
			buildActionMask = 2147483647;
			dstPath = "";
			dstSubfolderSpec = 10;
			files = (
				F70A0B591C4B515D00FDEAFF /* Mantle.framework in Embed Frameworks */,
				F70A0B5E1C4B516C00FDEAFF /* ReactiveCocoa.framework in Embed Frameworks */,
				F70A0B5C1C4B516500FDEAFF /* Result.framework in Embed Frameworks */,
			);
			name = "Embed Frameworks";
			runOnlyForDeploymentPostprocessing = 0;
		};
/* End PBXCopyFilesBuildPhase section */

/* Begin PBXFileReference section */
		C62ECEC61B7E457600AC9C1F /* HomeViewController.swift */ = {isa = PBXFileReference; fileEncoding = 4; lastKnownFileType = sourcecode.swift; path = HomeViewController.swift; sourceTree = "<group>"; };
		C62ECEC81B7E45D400AC9C1F /* HomeViewModel.swift */ = {isa = PBXFileReference; fileEncoding = 4; lastKnownFileType = sourcecode.swift; path = HomeViewModel.swift; sourceTree = "<group>"; };
		C62ECECB1B7E5F4C00AC9C1F /* MapTasks.swift */ = {isa = PBXFileReference; fileEncoding = 4; lastKnownFileType = sourcecode.swift; name = MapTasks.swift; path = util/MapTasks.swift; sourceTree = "<group>"; };
		C62ECECE1B7E611A00AC9C1F /* ContextDataController.swift */ = {isa = PBXFileReference; fileEncoding = 4; lastKnownFileType = sourcecode.swift; name = ContextDataController.swift; path = DataControllers/ContextDataController.swift; sourceTree = "<group>"; };
		C62ECED01B7E613400AC9C1F /* MapsRemoteDataController.swift */ = {isa = PBXFileReference; fileEncoding = 4; lastKnownFileType = sourcecode.swift; name = MapsRemoteDataController.swift; path = DataControllers/MapsRemoteDataController.swift; sourceTree = "<group>"; };
		C64F85BA1B386B7000011FCE /* Stormy Travel Time.app */ = {isa = PBXFileReference; explicitFileType = wrapper.application; includeInIndex = 0; path = "Stormy Travel Time.app"; sourceTree = BUILT_PRODUCTS_DIR; };
		C64F85BE1B386B7000011FCE /* Info.plist */ = {isa = PBXFileReference; lastKnownFileType = text.plist.xml; path = Info.plist; sourceTree = "<group>"; };
		C64F85BF1B386B7000011FCE /* AppDelegate.swift */ = {isa = PBXFileReference; lastKnownFileType = sourcecode.swift; path = AppDelegate.swift; sourceTree = "<group>"; };
		C64F85C21B386B7000011FCE /* Stormy_Travel_Time.xcdatamodel */ = {isa = PBXFileReference; lastKnownFileType = wrapper.xcdatamodel; path = Stormy_Travel_Time.xcdatamodel; sourceTree = "<group>"; };
		C64F85C71B386B7100011FCE /* Base */ = {isa = PBXFileReference; lastKnownFileType = file.storyboard; name = Base; path = Base.lproj/Main.storyboard; sourceTree = "<group>"; };
		C64F85C91B386B7100011FCE /* Images.xcassets */ = {isa = PBXFileReference; lastKnownFileType = folder.assetcatalog; path = Images.xcassets; sourceTree = "<group>"; };
		C64F85CC1B386B7100011FCE /* Base */ = {isa = PBXFileReference; lastKnownFileType = file.xib; name = Base; path = Base.lproj/LaunchScreen.xib; sourceTree = "<group>"; };
		C64F85D21B386B7100011FCE /* Stormy Travel TimeTests.xctest */ = {isa = PBXFileReference; explicitFileType = wrapper.cfbundle; includeInIndex = 0; path = "Stormy Travel TimeTests.xctest"; sourceTree = BUILT_PRODUCTS_DIR; };
		C64F85D71B386B7100011FCE /* Info.plist */ = {isa = PBXFileReference; lastKnownFileType = text.plist.xml; path = Info.plist; sourceTree = "<group>"; };
		C64F85D81B386B7100011FCE /* Stormy_Travel_TimeTests.swift */ = {isa = PBXFileReference; lastKnownFileType = sourcecode.swift; path = Stormy_Travel_TimeTests.swift; sourceTree = "<group>"; };
		F70A0ABD1C4B301500FDEAFF /* Mantle.framework */ = {isa = PBXFileReference; lastKnownFileType = wrapper.framework; name = Mantle.framework; path = ext/Mantle.framework; sourceTree = "<group>"; };
		F70A0ABE1C4B301500FDEAFF /* ReactiveCocoa.framework */ = {isa = PBXFileReference; lastKnownFileType = wrapper.framework; name = ReactiveCocoa.framework; path = ext/ReactiveCocoa.framework; sourceTree = "<group>"; };
		F70A0ABF1C4B301500FDEAFF /* Result.framework */ = {isa = PBXFileReference; lastKnownFileType = wrapper.framework; name = Result.framework; path = ext/Result.framework; sourceTree = "<group>"; };
		F70A0B2E1C4B447B00FDEAFF /* Security.framework */ = {isa = PBXFileReference; lastKnownFileType = wrapper.framework; name = Security.framework; path = System/Library/Frameworks/Security.framework; sourceTree = SDKROOT; };
		F70A0B301C4B448300FDEAFF /* SystemConfiguration.framework */ = {isa = PBXFileReference; lastKnownFileType = wrapper.framework; name = SystemConfiguration.framework; path = System/Library/Frameworks/SystemConfiguration.framework; sourceTree = SDKROOT; };
		F70A0B321C4B449D00FDEAFF /* GLKit.framework */ = {isa = PBXFileReference; lastKnownFileType = wrapper.framework; name = GLKit.framework; path = System/Library/Frameworks/GLKit.framework; sourceTree = SDKROOT; };
		F70A0B341C4B44A400FDEAFF /* CoreGraphics.framework */ = {isa = PBXFileReference; lastKnownFileType = wrapper.framework; name = CoreGraphics.framework; path = System/Library/Frameworks/CoreGraphics.framework; sourceTree = SDKROOT; };
		F70A0B361C4B44CC00FDEAFF /* CoreImage.framework */ = {isa = PBXFileReference; lastKnownFileType = wrapper.framework; name = CoreImage.framework; path = System/Library/Frameworks/CoreImage.framework; sourceTree = SDKROOT; };
		F70A0B381C4B44D300FDEAFF /* ImageIO.framework */ = {isa = PBXFileReference; lastKnownFileType = wrapper.framework; name = ImageIO.framework; path = System/Library/Frameworks/ImageIO.framework; sourceTree = SDKROOT; };
		F70A0B3A1C4B44F400FDEAFF /* CoreData.framework */ = {isa = PBXFileReference; lastKnownFileType = wrapper.framework; name = CoreData.framework; path = System/Library/Frameworks/CoreData.framework; sourceTree = SDKROOT; };
		F70A0B3C1C4B450300FDEAFF /* AVFoundation.framework */ = {isa = PBXFileReference; lastKnownFileType = wrapper.framework; name = AVFoundation.framework; path = System/Library/Frameworks/AVFoundation.framework; sourceTree = SDKROOT; };
		F70A0B3E1C4B451C00FDEAFF /* QuartzCore.framework */ = {isa = PBXFileReference; lastKnownFileType = wrapper.framework; name = QuartzCore.framework; path = System/Library/Frameworks/QuartzCore.framework; sourceTree = SDKROOT; };
		F70A0B401C4B452500FDEAFF /* OpenGLES.framework */ = {isa = PBXFileReference; lastKnownFileType = wrapper.framework; name = OpenGLES.framework; path = System/Library/Frameworks/OpenGLES.framework; sourceTree = SDKROOT; };
		F70A0B421C4B453F00FDEAFF /* CoreLocation.framework */ = {isa = PBXFileReference; lastKnownFileType = wrapper.framework; name = CoreLocation.framework; path = System/Library/Frameworks/CoreLocation.framework; sourceTree = SDKROOT; };
		F70A0B441C4B458000FDEAFF /* CoreBluetooth.framework */ = {isa = PBXFileReference; lastKnownFileType = wrapper.framework; name = CoreBluetooth.framework; path = System/Library/Frameworks/CoreBluetooth.framework; sourceTree = SDKROOT; };
		F70A0B461C4B458800FDEAFF /* Accelerate.framework */ = {isa = PBXFileReference; lastKnownFileType = wrapper.framework; name = Accelerate.framework; path = System/Library/Frameworks/Accelerate.framework; sourceTree = SDKROOT; };
		F70A0B611C4B5B0A00FDEAFF /* GoogleMaps.bundle */ = {isa = PBXFileReference; lastKnownFileType = "wrapper.plug-in"; name = GoogleMaps.bundle; path = ext/GoogleMaps.framework/Resources/GoogleMaps.bundle; sourceTree = "<group>"; };
		F70A0B631C4B5B3B00FDEAFF /* GoogleMaps.framework */ = {isa = PBXFileReference; lastKnownFileType = wrapper.framework; name = GoogleMaps.framework; path = ext/GoogleMaps.framework; sourceTree = "<group>"; };
		F70A0B651C4B5CD400FDEAFF /* CoreText.framework */ = {isa = PBXFileReference; lastKnownFileType = wrapper.framework; name = CoreText.framework; path = System/Library/Frameworks/CoreText.framework; sourceTree = SDKROOT; };
		F71266EC1C4EFC02008790C2 /* USCapitol.gpx */ = {isa = PBXFileReference; fileEncoding = 4; lastKnownFileType = text.xml; name = USCapitol.gpx; path = ../Downloads/USCapitol.gpx; sourceTree = "<group>"; };
		F718DF231C4E455900573251 /* LocationManager.swift */ = {isa = PBXFileReference; fileEncoding = 4; lastKnownFileType = sourcecode.swift; name = LocationManager.swift; path = Model/LocationManager.swift; sourceTree = "<group>"; };
		F76B6C391C2E39FE008A98AB /* WeatherDataModel.h */ = {isa = PBXFileReference; fileEncoding = 4; lastKnownFileType = sourcecode.c.h; name = WeatherDataModel.h; path = Weather/WeatherDataModel.h; sourceTree = "<group>"; };
		F76B6C3A1C2E39FE008A98AB /* WeatherDataModel.m */ = {isa = PBXFileReference; fileEncoding = 4; lastKnownFileType = sourcecode.c.objc; name = WeatherDataModel.m; path = Weather/WeatherDataModel.m; sourceTree = "<group>"; };
		F76BAC0F1B81120D008640E2 /* WeatherDataController.swift */ = {isa = PBXFileReference; fileEncoding = 4; lastKnownFileType = sourcecode.swift; name = WeatherDataController.swift; path = DataControllers/WeatherDataController.swift; sourceTree = "<group>"; };
		F76BAC111B811B31008640E2 /* SideMenu.storyboard */ = {isa = PBXFileReference; fileEncoding = 4; lastKnownFileType = file.storyboard; path = SideMenu.storyboard; sourceTree = "<group>"; };
		F76BAC171B8122B4008640E2 /* SideMenuTableViewController.swift */ = {isa = PBXFileReference; fileEncoding = 4; lastKnownFileType = sourcecode.swift; path = SideMenuTableViewController.swift; sourceTree = "<group>"; };
		F76BAC1A1B88C8BA008640E2 /* SWRevealViewController.h */ = {isa = PBXFileReference; fileEncoding = 4; lastKnownFileType = sourcecode.c.h; name = SWRevealViewController.h; path = ../../SWRevealViewController/SWRevealViewController/SWRevealViewController.h; sourceTree = "<group>"; };
		F76BAC1B1B88C8BA008640E2 /* SWRevealViewController.m */ = {isa = PBXFileReference; fileEncoding = 4; lastKnownFileType = sourcecode.c.objc; name = SWRevealViewController.m; path = ../../SWRevealViewController/SWRevealViewController/SWRevealViewController.m; sourceTree = "<group>"; };
		F76BAC231B88CBC9008640E2 /* Objective-CBridgingHeader.h */ = {isa = PBXFileReference; fileEncoding = 4; lastKnownFileType = sourcecode.c.h; name = "Objective-CBridgingHeader.h"; path = "Stormy Travel Time/Objective-CBridgingHeader.h"; sourceTree = "<group>"; };
		F76BAC251B88E18E008640E2 /* MenuActionViewModel.swift */ = {isa = PBXFileReference; fileEncoding = 4; lastKnownFileType = sourcecode.swift; path = MenuActionViewModel.swift; sourceTree = "<group>"; };
		F7A48FC91B8A47D600E6BFBB /* WXManager.h */ = {isa = PBXFileReference; fileEncoding = 4; lastKnownFileType = sourcecode.c.h; name = WXManager.h; path = Weather/WXManager.h; sourceTree = "<group>"; };
		F7A48FCA1B8A47D600E6BFBB /* WXManager.m */ = {isa = PBXFileReference; fileEncoding = 4; lastKnownFileType = sourcecode.c.objc; name = WXManager.m; path = Weather/WXManager.m; sourceTree = "<group>"; };
		F7A48FCC1B8A47F100E6BFBB /* WXCondition.h */ = {isa = PBXFileReference; fileEncoding = 4; lastKnownFileType = sourcecode.c.h; name = WXCondition.h; path = Weather/WXCondition.h; sourceTree = "<group>"; };
		F7A48FCD1B8A47F100E6BFBB /* WXCondition.m */ = {isa = PBXFileReference; fileEncoding = 4; lastKnownFileType = sourcecode.c.objc; name = WXCondition.m; path = Weather/WXCondition.m; sourceTree = "<group>"; };
		F7A48FCF1B8A480B00E6BFBB /* WXDailyForecast.h */ = {isa = PBXFileReference; fileEncoding = 4; lastKnownFileType = sourcecode.c.h; name = WXDailyForecast.h; path = Weather/WXDailyForecast.h; sourceTree = "<group>"; };
		F7A48FD01B8A480B00E6BFBB /* WXDailyForecast.m */ = {isa = PBXFileReference; fileEncoding = 4; lastKnownFileType = sourcecode.c.objc; name = WXDailyForecast.m; path = Weather/WXDailyForecast.m; sourceTree = "<group>"; };
/* End PBXFileReference section */

/* Begin PBXFrameworksBuildPhase section */
		C64F85B71B386B7000011FCE /* Frameworks */ = {
			isa = PBXFrameworksBuildPhase;
			buildActionMask = 2147483647;
			files = (
				F70A0B671C4B5FCF00FDEAFF /* GoogleMaps.framework in Frameworks */,
				F70A0B661C4B5CD400FDEAFF /* CoreText.framework in Frameworks */,
				F70A0B471C4B458800FDEAFF /* Accelerate.framework in Frameworks */,
				F70A0B451C4B458000FDEAFF /* CoreBluetooth.framework in Frameworks */,
				F70A0B5B1C4B516500FDEAFF /* Result.framework in Frameworks */,
				F70A0B431C4B453F00FDEAFF /* CoreLocation.framework in Frameworks */,
				F70A0B411C4B452500FDEAFF /* OpenGLES.framework in Frameworks */,
				F70A0B3F1C4B451C00FDEAFF /* QuartzCore.framework in Frameworks */,
				F70A0B581C4B515D00FDEAFF /* Mantle.framework in Frameworks */,
				F70A0B481C4B49BE00FDEAFF /* Mantle.framework in Frameworks */,
				F70A0B3D1C4B450300FDEAFF /* AVFoundation.framework in Frameworks */,
				F70A0B4D1C4B4A1700FDEAFF /* Result.framework in Frameworks */,
				F70A0B3B1C4B44F400FDEAFF /* CoreData.framework in Frameworks */,
				F70A0B4B1C4B49EE00FDEAFF /* ReactiveCocoa.framework in Frameworks */,
				F70A0B391C4B44D300FDEAFF /* ImageIO.framework in Frameworks */,
				F70A0B371C4B44CC00FDEAFF /* CoreImage.framework in Frameworks */,
				F70A0B351C4B44A400FDEAFF /* CoreGraphics.framework in Frameworks */,
				F70A0B331C4B449D00FDEAFF /* GLKit.framework in Frameworks */,
				F70A0B311C4B448300FDEAFF /* SystemConfiguration.framework in Frameworks */,
				F70A0B2F1C4B447B00FDEAFF /* Security.framework in Frameworks */,
				F70A0B5D1C4B516C00FDEAFF /* ReactiveCocoa.framework in Frameworks */,
			);
			runOnlyForDeploymentPostprocessing = 0;
		};
		C64F85CF1B386B7100011FCE /* Frameworks */ = {
			isa = PBXFrameworksBuildPhase;
			buildActionMask = 2147483647;
			files = (
			);
			runOnlyForDeploymentPostprocessing = 0;
		};
/* End PBXFrameworksBuildPhase section */

/* Begin PBXGroup section */
		023F79612DFB8803E0A7525A /* Frameworks */ = {
			isa = PBXGroup;
			children = (
				F70A0B651C4B5CD400FDEAFF /* CoreText.framework */,
				F70A0B631C4B5B3B00FDEAFF /* GoogleMaps.framework */,
				F70A0B461C4B458800FDEAFF /* Accelerate.framework */,
				F70A0B441C4B458000FDEAFF /* CoreBluetooth.framework */,
				F70A0B421C4B453F00FDEAFF /* CoreLocation.framework */,
				F70A0B401C4B452500FDEAFF /* OpenGLES.framework */,
				F70A0B3E1C4B451C00FDEAFF /* QuartzCore.framework */,
				F70A0B3C1C4B450300FDEAFF /* AVFoundation.framework */,
				F70A0B3A1C4B44F400FDEAFF /* CoreData.framework */,
				F70A0B381C4B44D300FDEAFF /* ImageIO.framework */,
				F70A0B361C4B44CC00FDEAFF /* CoreImage.framework */,
				F70A0B341C4B44A400FDEAFF /* CoreGraphics.framework */,
				F70A0B321C4B449D00FDEAFF /* GLKit.framework */,
				F70A0B301C4B448300FDEAFF /* SystemConfiguration.framework */,
				F70A0B2E1C4B447B00FDEAFF /* Security.framework */,
				F70A0ABD1C4B301500FDEAFF /* Mantle.framework */,
				F70A0ABE1C4B301500FDEAFF /* ReactiveCocoa.framework */,
				F70A0ABF1C4B301500FDEAFF /* Result.framework */,
			);
			name = Frameworks;
			sourceTree = "<group>";
		};
		C62ECECA1B7E5E9800AC9C1F /* util */ = {
			isa = PBXGroup;
			children = (
				F76BAC191B88C881008640E2 /* SWRevealController */,
				C62ECECB1B7E5F4C00AC9C1F /* MapTasks.swift */,
			);
			name = util;
			sourceTree = "<group>";
		};
		C62ECECD1B7E608300AC9C1F /* DataControllers */ = {
			isa = PBXGroup;
			children = (
				C62ECECE1B7E611A00AC9C1F /* ContextDataController.swift */,
				C62ECED01B7E613400AC9C1F /* MapsRemoteDataController.swift */,
				F76BAC0F1B81120D008640E2 /* WeatherDataController.swift */,
				F76B6C391C2E39FE008A98AB /* WeatherDataModel.h */,
				F76B6C3A1C2E39FE008A98AB /* WeatherDataModel.m */,
			);
			name = DataControllers;
			sourceTree = "<group>";
		};
		C64F85B11B386B7000011FCE = {
			isa = PBXGroup;
			children = (
				F71266EC1C4EFC02008790C2 /* USCapitol.gpx */,
				F70A0B611C4B5B0A00FDEAFF /* GoogleMaps.bundle */,
				F76BAC231B88CBC9008640E2 /* Objective-CBridgingHeader.h */,
				C64F85BC1B386B7000011FCE /* Stormy Travel Time */,
				C64F85D51B386B7100011FCE /* Stormy Travel TimeTests */,
				C64F85BB1B386B7000011FCE /* Products */,
				023F79612DFB8803E0A7525A /* Frameworks */,
			);
			sourceTree = "<group>";
		};
		C64F85BB1B386B7000011FCE /* Products */ = {
			isa = PBXGroup;
			children = (
				C64F85BA1B386B7000011FCE /* Stormy Travel Time.app */,
				C64F85D21B386B7100011FCE /* Stormy Travel TimeTests.xctest */,
			);
			name = Products;
			sourceTree = "<group>";
		};
		C64F85BC1B386B7000011FCE /* Stormy Travel Time */ = {
			isa = PBXGroup;
			children = (
				F718DF221C4E453000573251 /* Model */,
				F7A48FC21B8A42B600E6BFBB /* Weather */,
				F76BAC241B88E156008640E2 /* ViewModels */,
				C62ECECD1B7E608300AC9C1F /* DataControllers */,
				C62ECECA1B7E5E9800AC9C1F /* util */,
				C64F85BF1B386B7000011FCE /* AppDelegate.swift */,
				C62ECEC61B7E457600AC9C1F /* HomeViewController.swift */,
				C64F85C61B386B7100011FCE /* Main.storyboard */,
				F76BAC111B811B31008640E2 /* SideMenu.storyboard */,
				F76BAC171B8122B4008640E2 /* SideMenuTableViewController.swift */,
				C64F85C91B386B7100011FCE /* Images.xcassets */,
				C64F85CB1B386B7100011FCE /* LaunchScreen.xib */,
				C64F85C11B386B7000011FCE /* Stormy_Travel_Time.xcdatamodeld */,
				C64F85BD1B386B7000011FCE /* Supporting Files */,
			);
			path = "Stormy Travel Time";
			sourceTree = "<group>";
		};
		C64F85BD1B386B7000011FCE /* Supporting Files */ = {
			isa = PBXGroup;
			children = (
				C64F85BE1B386B7000011FCE /* Info.plist */,
			);
			name = "Supporting Files";
			sourceTree = "<group>";
		};
		C64F85D51B386B7100011FCE /* Stormy Travel TimeTests */ = {
			isa = PBXGroup;
			children = (
				C64F85D81B386B7100011FCE /* Stormy_Travel_TimeTests.swift */,
				C64F85D61B386B7100011FCE /* Supporting Files */,
			);
			path = "Stormy Travel TimeTests";
			sourceTree = "<group>";
		};
		C64F85D61B386B7100011FCE /* Supporting Files */ = {
			isa = PBXGroup;
			children = (
				C64F85D71B386B7100011FCE /* Info.plist */,
			);
			name = "Supporting Files";
			sourceTree = "<group>";
		};
		F718DF221C4E453000573251 /* Model */ = {
			isa = PBXGroup;
			children = (
				F718DF231C4E455900573251 /* LocationManager.swift */,
			);
			name = Model;
			sourceTree = "<group>";
		};
		F76BAC191B88C881008640E2 /* SWRevealController */ = {
			isa = PBXGroup;
			children = (
				F76BAC1A1B88C8BA008640E2 /* SWRevealViewController.h */,
				F76BAC1B1B88C8BA008640E2 /* SWRevealViewController.m */,
			);
			name = SWRevealController;
			sourceTree = "<group>";
		};
		F76BAC241B88E156008640E2 /* ViewModels */ = {
			isa = PBXGroup;
			children = (
				C62ECEC81B7E45D400AC9C1F /* HomeViewModel.swift */,
				F76BAC251B88E18E008640E2 /* MenuActionViewModel.swift */,
			);
			name = ViewModels;
			sourceTree = "<group>";
		};
		F7A48FC21B8A42B600E6BFBB /* Weather */ = {
			isa = PBXGroup;
			children = (
				F7A48FC91B8A47D600E6BFBB /* WXManager.h */,
				F7A48FCA1B8A47D600E6BFBB /* WXManager.m */,
				F7A48FCC1B8A47F100E6BFBB /* WXCondition.h */,
				F7A48FCD1B8A47F100E6BFBB /* WXCondition.m */,
				F7A48FCF1B8A480B00E6BFBB /* WXDailyForecast.h */,
				F7A48FD01B8A480B00E6BFBB /* WXDailyForecast.m */,
			);
			name = Weather;
			sourceTree = "<group>";
		};
/* End PBXGroup section */

/* Begin PBXNativeTarget section */
		C64F85B91B386B7000011FCE /* Stormy Travel Time */ = {
			isa = PBXNativeTarget;
			buildConfigurationList = C64F85DC1B386B7100011FCE /* Build configuration list for PBXNativeTarget "Stormy Travel Time" */;
			buildPhases = (
				C64F85B61B386B7000011FCE /* Sources */,
				C64F85B71B386B7000011FCE /* Frameworks */,
				C64F85B81B386B7000011FCE /* Resources */,
				F7F8ED701C3C54EE00AE072E /* ShellScript */,
				F70A0B5A1C4B515D00FDEAFF /* Embed Frameworks */,
			);
			buildRules = (
			);
			dependencies = (
			);
			name = "Stormy Travel Time";
			productName = "Stormy Travel Time";
			productReference = C64F85BA1B386B7000011FCE /* Stormy Travel Time.app */;
			productType = "com.apple.product-type.application";
		};
		C64F85D11B386B7100011FCE /* Stormy Travel TimeTests */ = {
			isa = PBXNativeTarget;
			buildConfigurationList = C64F85DF1B386B7100011FCE /* Build configuration list for PBXNativeTarget "Stormy Travel TimeTests" */;
			buildPhases = (
				C64F85CE1B386B7100011FCE /* Sources */,
				C64F85CF1B386B7100011FCE /* Frameworks */,
				C64F85D01B386B7100011FCE /* Resources */,
			);
			buildRules = (
			);
			dependencies = (
				C64F85D41B386B7100011FCE /* PBXTargetDependency */,
			);
			name = "Stormy Travel TimeTests";
			productName = "Stormy Travel TimeTests";
			productReference = C64F85D21B386B7100011FCE /* Stormy Travel TimeTests.xctest */;
			productType = "com.apple.product-type.bundle.unit-test";
		};
/* End PBXNativeTarget section */

/* Begin PBXProject section */
		C64F85B21B386B7000011FCE /* Project object */ = {
			isa = PBXProject;
			attributes = {
				LastSwiftMigration = 0710;
				LastSwiftUpdateCheck = 0710;
				LastUpgradeCheck = 0720;
				ORGANIZATIONNAME = "Armstrong Enterprises";
				TargetAttributes = {
					C64F85B91B386B7000011FCE = {
						CreatedOnToolsVersion = 6.3.1;
						DevelopmentTeam = CUKDK2C25K;
					};
					C64F85D11B386B7100011FCE = {
						CreatedOnToolsVersion = 6.3.1;
						TestTargetID = C64F85B91B386B7000011FCE;
					};
				};
			};
			buildConfigurationList = C64F85B51B386B7000011FCE /* Build configuration list for PBXProject "Stormy Travel Time" */;
			compatibilityVersion = "Xcode 3.2";
			developmentRegion = English;
			hasScannedForEncodings = 0;
			knownRegions = (
				en,
				Base,
			);
			mainGroup = C64F85B11B386B7000011FCE;
			productRefGroup = C64F85BB1B386B7000011FCE /* Products */;
			projectDirPath = "";
			projectRoot = "";
			targets = (
				C64F85B91B386B7000011FCE /* Stormy Travel Time */,
				C64F85D11B386B7100011FCE /* Stormy Travel TimeTests */,
			);
		};
/* End PBXProject section */

/* Begin PBXResourcesBuildPhase section */
		C64F85B81B386B7000011FCE /* Resources */ = {
			isa = PBXResourcesBuildPhase;
			buildActionMask = 2147483647;
			files = (
				F70A0B621C4B5B0A00FDEAFF /* GoogleMaps.bundle in Resources */,
				F76BAC121B811B31008640E2 /* SideMenu.storyboard in Resources */,
				F71266ED1C4EFC02008790C2 /* USCapitol.gpx in Resources */,
				C64F85C81B386B7100011FCE /* Main.storyboard in Resources */,
				C64F85CD1B386B7100011FCE /* LaunchScreen.xib in Resources */,
				C64F85CA1B386B7100011FCE /* Images.xcassets in Resources */,
			);
			runOnlyForDeploymentPostprocessing = 0;
		};
		C64F85D01B386B7100011FCE /* Resources */ = {
			isa = PBXResourcesBuildPhase;
			buildActionMask = 2147483647;
			files = (
			);
			runOnlyForDeploymentPostprocessing = 0;
		};
/* End PBXResourcesBuildPhase section */

/* Begin PBXShellScriptBuildPhase section */
		F7F8ED701C3C54EE00AE072E /* ShellScript */ = {
			isa = PBXShellScriptBuildPhase;
			buildActionMask = 2147483647;
			files = (
			);
			inputPaths = (
			);
			outputPaths = (
			);
			runOnlyForDeploymentPostprocessing = 0;
			shellPath = /bin/sh;
			shellScript = "#!/bin/bash\nbuildNumber=$(/usr/libexec/PlistBuddy -c \"Print CFBundleVersion\" \"$INFOPLIST_FILE\")\nbuildNumber=$(($buildNumber + 1))\n/usr/libexec/PlistBuddy -c \"Set :CFBundleVersion $buildNumber\" \"$INFOPLIST_FILE\"";
		};
/* End PBXShellScriptBuildPhase section */

/* Begin PBXSourcesBuildPhase section */
		C64F85B61B386B7000011FCE /* Sources */ = {
			isa = PBXSourcesBuildPhase;
			buildActionMask = 2147483647;
			files = (
				F7A48FCB1B8A47D600E6BFBB /* WXManager.m in Sources */,
				F7A48FD11B8A480B00E6BFBB /* WXDailyForecast.m in Sources */,
				C62ECECF1B7E611A00AC9C1F /* ContextDataController.swift in Sources */,
				C62ECEC71B7E457600AC9C1F /* HomeViewController.swift in Sources */,
				F718DF241C4E455900573251 /* LocationManager.swift in Sources */,
				C62ECED11B7E613400AC9C1F /* MapsRemoteDataController.swift in Sources */,
				C62ECEC91B7E45D400AC9C1F /* HomeViewModel.swift in Sources */,
				F76BAC181B8122B4008640E2 /* SideMenuTableViewController.swift in Sources */,
				F76B6C3B1C2E39FE008A98AB /* WeatherDataModel.m in Sources */,
				F76BAC101B81120D008640E2 /* WeatherDataController.swift in Sources */,
				C62ECECC1B7E5F4C00AC9C1F /* MapTasks.swift in Sources */,
				F76BAC261B88E18E008640E2 /* MenuActionViewModel.swift in Sources */,
				F76BAC1C1B88C8BA008640E2 /* SWRevealViewController.m in Sources */,
				F7A48FCE1B8A47F100E6BFBB /* WXCondition.m in Sources */,
				C64F85C31B386B7000011FCE /* Stormy_Travel_Time.xcdatamodeld in Sources */,
				C64F85C01B386B7000011FCE /* AppDelegate.swift in Sources */,
			);
			runOnlyForDeploymentPostprocessing = 0;
		};
		C64F85CE1B386B7100011FCE /* Sources */ = {
			isa = PBXSourcesBuildPhase;
			buildActionMask = 2147483647;
			files = (
				C64F85D91B386B7100011FCE /* Stormy_Travel_TimeTests.swift in Sources */,
			);
			runOnlyForDeploymentPostprocessing = 0;
		};
/* End PBXSourcesBuildPhase section */

/* Begin PBXTargetDependency section */
		C64F85D41B386B7100011FCE /* PBXTargetDependency */ = {
			isa = PBXTargetDependency;
			target = C64F85B91B386B7000011FCE /* Stormy Travel Time */;
			targetProxy = C64F85D31B386B7100011FCE /* PBXContainerItemProxy */;
		};
/* End PBXTargetDependency section */

/* Begin PBXVariantGroup section */
		C64F85C61B386B7100011FCE /* Main.storyboard */ = {
			isa = PBXVariantGroup;
			children = (
				C64F85C71B386B7100011FCE /* Base */,
			);
			name = Main.storyboard;
			sourceTree = "<group>";
		};
		C64F85CB1B386B7100011FCE /* LaunchScreen.xib */ = {
			isa = PBXVariantGroup;
			children = (
				C64F85CC1B386B7100011FCE /* Base */,
			);
			name = LaunchScreen.xib;
			sourceTree = "<group>";
		};
/* End PBXVariantGroup section */

/* Begin XCBuildConfiguration section */
		C64F85DA1B386B7100011FCE /* Debug */ = {
			isa = XCBuildConfiguration;
			buildSettings = {
				ALWAYS_SEARCH_USER_PATHS = NO;
				CLANG_ALLOW_NON_MODULAR_INCLUDES_IN_FRAMEWORK_MODULES = YES;
				CLANG_CXX_LANGUAGE_STANDARD = "gnu++0x";
				CLANG_CXX_LIBRARY = "libc++";
				CLANG_ENABLE_MODULES = YES;
				CLANG_ENABLE_OBJC_ARC = YES;
				CLANG_WARN_BOOL_CONVERSION = YES;
				CLANG_WARN_CONSTANT_CONVERSION = YES;
				CLANG_WARN_DIRECT_OBJC_ISA_USAGE = YES_ERROR;
				CLANG_WARN_EMPTY_BODY = YES;
				CLANG_WARN_ENUM_CONVERSION = YES;
				CLANG_WARN_INT_CONVERSION = YES;
				CLANG_WARN_OBJC_ROOT_CLASS = YES_ERROR;
				CLANG_WARN_UNREACHABLE_CODE = YES;
				CLANG_WARN__DUPLICATE_METHOD_MATCH = YES;
				"CODE_SIGN_IDENTITY[sdk=iphoneos*]" = "iPhone Developer";
				COPY_PHASE_STRIP = NO;
				DEBUG_INFORMATION_FORMAT = "dwarf-with-dsym";
				ENABLE_BITCODE = NO;
				ENABLE_ONLY_ACTIVE_RESOURCES = YES;
				ENABLE_STRICT_OBJC_MSGSEND = YES;
				ENABLE_TESTABILITY = NO;
				GCC_C_LANGUAGE_STANDARD = gnu99;
				GCC_DYNAMIC_NO_PIC = NO;
				GCC_NO_COMMON_BLOCKS = YES;
				GCC_OPTIMIZATION_LEVEL = 0;
				GCC_PREPROCESSOR_DEFINITIONS = (
					"DEBUG=1",
					"$(inherited)",
				);
				GCC_SYMBOLS_PRIVATE_EXTERN = NO;
				GCC_WARN_64_TO_32_BIT_CONVERSION = YES;
				GCC_WARN_ABOUT_RETURN_TYPE = YES_ERROR;
				GCC_WARN_UNDECLARED_SELECTOR = YES;
				GCC_WARN_UNINITIALIZED_AUTOS = YES_AGGRESSIVE;
				GCC_WARN_UNUSED_FUNCTION = YES;
				GCC_WARN_UNUSED_VARIABLE = YES;
				IPHONEOS_DEPLOYMENT_TARGET = 8.3;
				LIBRARY_SEARCH_PATHS = "";
				MTL_ENABLE_DEBUG_INFO = YES;
				ONLY_ACTIVE_ARCH = YES;
				OTHER_LDFLAGS = "";
				SDKROOT = iphoneos;
				SWIFT_OBJC_BRIDGING_HEADER = "Objective-CBridgingHeader.h";
				SWIFT_OPTIMIZATION_LEVEL = "-Onone";
				TARGETED_DEVICE_FAMILY = "1,2";
			};
			name = Debug;
		};
		C64F85DB1B386B7100011FCE /* Release */ = {
			isa = XCBuildConfiguration;
			buildSettings = {
				ALWAYS_SEARCH_USER_PATHS = NO;
				CLANG_ALLOW_NON_MODULAR_INCLUDES_IN_FRAMEWORK_MODULES = YES;
				CLANG_CXX_LANGUAGE_STANDARD = "gnu++0x";
				CLANG_CXX_LIBRARY = "libc++";
				CLANG_ENABLE_MODULES = YES;
				CLANG_ENABLE_OBJC_ARC = YES;
				CLANG_WARN_BOOL_CONVERSION = YES;
				CLANG_WARN_CONSTANT_CONVERSION = YES;
				CLANG_WARN_DIRECT_OBJC_ISA_USAGE = YES_ERROR;
				CLANG_WARN_EMPTY_BODY = YES;
				CLANG_WARN_ENUM_CONVERSION = YES;
				CLANG_WARN_INT_CONVERSION = YES;
				CLANG_WARN_OBJC_ROOT_CLASS = YES_ERROR;
				CLANG_WARN_UNREACHABLE_CODE = YES;
				CLANG_WARN__DUPLICATE_METHOD_MATCH = YES;
				"CODE_SIGN_IDENTITY[sdk=iphoneos*]" = "iPhone Developer";
				COPY_PHASE_STRIP = NO;
				DEBUG_INFORMATION_FORMAT = "dwarf-with-dsym";
				ENABLE_BITCODE = NO;
				ENABLE_NS_ASSERTIONS = NO;
				ENABLE_ONLY_ACTIVE_RESOURCES = YES;
				ENABLE_STRICT_OBJC_MSGSEND = YES;
				ENABLE_TESTABILITY = NO;
				GCC_C_LANGUAGE_STANDARD = gnu99;
				GCC_NO_COMMON_BLOCKS = YES;
				GCC_WARN_64_TO_32_BIT_CONVERSION = YES;
				GCC_WARN_ABOUT_RETURN_TYPE = YES_ERROR;
				GCC_WARN_UNDECLARED_SELECTOR = YES;
				GCC_WARN_UNINITIALIZED_AUTOS = YES_AGGRESSIVE;
				GCC_WARN_UNUSED_FUNCTION = YES;
				GCC_WARN_UNUSED_VARIABLE = YES;
				IPHONEOS_DEPLOYMENT_TARGET = 8.3;
				LIBRARY_SEARCH_PATHS = "";
				MTL_ENABLE_DEBUG_INFO = NO;
				ONLY_ACTIVE_ARCH = YES;
				OTHER_LDFLAGS = "";
				SDKROOT = iphoneos;
				SWIFT_OBJC_BRIDGING_HEADER = "Objective-CBridgingHeader.h";
				TARGETED_DEVICE_FAMILY = "1,2";
				VALIDATE_PRODUCT = YES;
			};
			name = Release;
		};
		C64F85DD1B386B7100011FCE /* Debug */ = {
			isa = XCBuildConfiguration;
			buildSettings = {
				ASSETCATALOG_COMPILER_APPICON_NAME = AppIcon;
				CLANG_ALLOW_NON_MODULAR_INCLUDES_IN_FRAMEWORK_MODULES = YES;
				CODE_SIGN_IDENTITY = "iPhone Developer";
				"CODE_SIGN_IDENTITY[sdk=iphoneos*]" = "iPhone Developer";
				DEFINES_MODULE = YES;
				ENABLE_BITCODE = NO;
				FRAMEWORK_SEARCH_PATHS = (
					"$(inherited)",
					"$(PROJECT_DIR)/ext",
				);
				GCC_OPTIMIZATION_LEVEL = s;
				INFOPLIST_FILE = "Stormy Travel Time/Info.plist";
				LD_RUNPATH_SEARCH_PATHS = "$(inherited) @loader_path/Frameworks @executable_path/Frameworks";
				LIBRARY_SEARCH_PATHS = "";
				ONLY_ACTIVE_ARCH = YES;
				OTHER_CODE_SIGN_FLAGS = "";
				OTHER_LDFLAGS = (
					"-ObjC",
					"$(inherited)",
					"-lc++",
					"-lbz2",
					"-lz",
				);
				PRODUCT_BUNDLE_IDENTIFIER = "com.armstrong.$(PRODUCT_NAME:rfc1034identifier)";
				PRODUCT_NAME = "$(TARGET_NAME)";
				PROVISIONING_PROFILE = "";
				SWIFT_OBJC_BRIDGING_HEADER = "Stormy Travel Time/Objective-CBridgingHeader.h";
				TARGETED_DEVICE_FAMILY = 1;
			};
			name = Debug;
		};
		C64F85DE1B386B7100011FCE /* Release */ = {
			isa = XCBuildConfiguration;
			buildSettings = {
				ASSETCATALOG_COMPILER_APPICON_NAME = AppIcon;
				CLANG_ALLOW_NON_MODULAR_INCLUDES_IN_FRAMEWORK_MODULES = YES;
				CODE_SIGN_IDENTITY = "iPhone Developer";
				"CODE_SIGN_IDENTITY[sdk=iphoneos*]" = "iPhone Developer";
				DEFINES_MODULE = YES;
				ENABLE_BITCODE = NO;
				FRAMEWORK_SEARCH_PATHS = (
					"$(inherited)",
					"$(PROJECT_DIR)/ext",
				);
				INFOPLIST_FILE = "Stormy Travel Time/Info.plist";
				LD_RUNPATH_SEARCH_PATHS = "$(inherited) @loader_path/Frameworks @executable_path/Frameworks";
				LIBRARY_SEARCH_PATHS = "";
				OTHER_CODE_SIGN_FLAGS = "";
				OTHER_LDFLAGS = (
					"-ObjC",
					"$(inherited)",
					"-lc++",
					"-lbz2",
					"-lz",
				);
				PRODUCT_BUNDLE_IDENTIFIER = "com.armstrong.$(PRODUCT_NAME:rfc1034identifier)";
				PRODUCT_NAME = "$(TARGET_NAME)";
				PROVISIONING_PROFILE = "";
				SWIFT_OBJC_BRIDGING_HEADER = "Stormy Travel Time/Objective-CBridgingHeader.h";
				TARGETED_DEVICE_FAMILY = 1;
			};
			name = Release;
		};
		C64F85E01B386B7100011FCE /* Debug */ = {
			isa = XCBuildConfiguration;
			buildSettings = {
				BUNDLE_LOADER = "$(TEST_HOST)";
				FRAMEWORK_SEARCH_PATHS = "$(inherited)";
				GCC_PREPROCESSOR_DEFINITIONS = (
					"DEBUG=1",
					"$(inherited)",
				);
				INFOPLIST_FILE = "Stormy Travel TimeTests/Info.plist";
				LD_RUNPATH_SEARCH_PATHS = "$(inherited) @executable_path/Frameworks @loader_path/Frameworks";
				PRODUCT_BUNDLE_IDENTIFIER = "com.armstrong.$(PRODUCT_NAME:rfc1034identifier)";
				PRODUCT_NAME = "$(TARGET_NAME)";
				SWIFT_INSTALL_OBJC_HEADER = NO;
				SWIFT_OBJC_BRIDGING_HEADER = "";
				TEST_HOST = "$(BUILT_PRODUCTS_DIR)/Stormy Travel Time.app/Stormy Travel Time";
			};
			name = Debug;
		};
		C64F85E11B386B7100011FCE /* Release */ = {
			isa = XCBuildConfiguration;
			buildSettings = {
				BUNDLE_LOADER = "$(TEST_HOST)";
				FRAMEWORK_SEARCH_PATHS = "$(inherited)";
				INFOPLIST_FILE = "Stormy Travel TimeTests/Info.plist";
				LD_RUNPATH_SEARCH_PATHS = "$(inherited) @executable_path/Frameworks @loader_path/Frameworks";
				PRODUCT_BUNDLE_IDENTIFIER = "com.armstrong.$(PRODUCT_NAME:rfc1034identifier)";
				PRODUCT_NAME = "$(TARGET_NAME)";
				SWIFT_INSTALL_OBJC_HEADER = NO;
				SWIFT_OBJC_BRIDGING_HEADER = "";
				TEST_HOST = "$(BUILT_PRODUCTS_DIR)/Stormy Travel Time.app/Stormy Travel Time";
			};
			name = Release;
		};
/* End XCBuildConfiguration section */

/* Begin XCConfigurationList section */
		C64F85B51B386B7000011FCE /* Build configuration list for PBXProject "Stormy Travel Time" */ = {
			isa = XCConfigurationList;
			buildConfigurations = (
				C64F85DA1B386B7100011FCE /* Debug */,
				C64F85DB1B386B7100011FCE /* Release */,
			);
			defaultConfigurationIsVisible = 0;
			defaultConfigurationName = Release;
		};
		C64F85DC1B386B7100011FCE /* Build configuration list for PBXNativeTarget "Stormy Travel Time" */ = {
			isa = XCConfigurationList;
			buildConfigurations = (
				C64F85DD1B386B7100011FCE /* Debug */,
				C64F85DE1B386B7100011FCE /* Release */,
			);
			defaultConfigurationIsVisible = 0;
			defaultConfigurationName = Release;
		};
		C64F85DF1B386B7100011FCE /* Build configuration list for PBXNativeTarget "Stormy Travel TimeTests" */ = {
			isa = XCConfigurationList;
			buildConfigurations = (
				C64F85E01B386B7100011FCE /* Debug */,
				C64F85E11B386B7100011FCE /* Release */,
			);
			defaultConfigurationIsVisible = 0;
			defaultConfigurationName = Release;
		};
/* End XCConfigurationList section */

/* Begin XCVersionGroup section */
		C64F85C11B386B7000011FCE /* Stormy_Travel_Time.xcdatamodeld */ = {
			isa = XCVersionGroup;
			children = (
				C64F85C21B386B7000011FCE /* Stormy_Travel_Time.xcdatamodel */,
			);
			currentVersion = C64F85C21B386B7000011FCE /* Stormy_Travel_Time.xcdatamodel */;
			path = Stormy_Travel_Time.xcdatamodeld;
			sourceTree = "<group>";
			versionGroupType = wrapper.xcdatamodel;
		};
/* End XCVersionGroup section */
	};
	rootObject = C64F85B21B386B7000011FCE /* Project object */;
}
